<?xml version="1.0" encoding="utf-8"?>
<Project ToolsVersion="4.0" xmlns="http://schemas.microsoft.com/developer/msbuild/2003">
  <ItemGroup>
    <Filter Include="3rd">
      <UniqueIdentifier>{EE9A870B-5AA4-877C-E31F-9E7C4F28937C}</UniqueIdentifier>
    </Filter>
    <Filter Include="asset">
      <UniqueIdentifier>{454F1B0F-B163-43C0-7AE5-E61FE6B83FF1}</UniqueIdentifier>
    </Filter>
    <Filter Include="common">
      <UniqueIdentifier>{AEFEE3F6-9AA0-0ECD-835B-22216F9C951D}</UniqueIdentifier>
    </Filter>
    <Filter Include="core">
      <UniqueIdentifier>{4E40957C-3A77-960D-E363-7C10CF79120F}</UniqueIdentifier>
    </Filter>
    <Filter Include="render">
      <UniqueIdentifier>{E5CF2C19-D171-57EF-BA2C-6B43A66DDE3F}</UniqueIdentifier>
    </Filter>
    <Filter Include="render\dx11">
      <UniqueIdentifier>{92E13EAA-FE96-B79F-878B-B176F33FAEA3}</UniqueIdentifier>
    </Filter>
    <Filter Include="scene">
      <UniqueIdentifier>{D3075810-3F1C-80C1-089E-232174717CF2}</UniqueIdentifier>
    </Filter>
  </ItemGroup>
  <ItemGroup>
    <ClInclude Include="src\3rd\stb_image.h">
      <Filter>3rd</Filter>
    </ClInclude>
    <ClInclude Include="src\RenderApp.h" />
    <ClInclude Include="src\asset\Asset.h">
      <Filter>asset</Filter>
    </ClInclude>
    <ClInclude Include="src\asset\AssetManager.h">
      <Filter>asset</Filter>
    </ClInclude>
    <ClInclude Include="src\asset\Mesh.h">
      <Filter>asset</Filter>
    </ClInclude>
    <ClInclude Include="src\asset\ObjReader.h">
      <Filter>asset</Filter>
    </ClInclude>
    <ClInclude Include="src\asset\Texture.h">
      <Filter>asset</Filter>
    </ClInclude>
    <ClInclude Include="src\common\ImguiControls.h">
      <Filter>common</Filter>
    </ClInclude>
    <ClInclude Include="src\common\Input.h">
      <Filter>common</Filter>
    </ClInclude>
    <ClInclude Include="src\common\InputImgui.h">
      <Filter>common</Filter>
    </ClInclude>
    <ClInclude Include="src\common\InputWalnut.h">
      <Filter>common</Filter>
    </ClInclude>
    <ClInclude Include="src\common\JsonDeserializer.h">
      <Filter>common</Filter>
    </ClInclude>
    <ClInclude Include="src\common\JsonSerializer.h">
      <Filter>common</Filter>
    </ClInclude>
    <ClInclude Include="src\common\Material.h">
      <Filter>common</Filter>
    </ClInclude>
    <ClInclude Include="src\core\BaseObject.h">
      <Filter>core</Filter>
    </ClInclude>
    <ClInclude Include="src\core\ClassTypeInfo.h">
      <Filter>core</Filter>
    </ClInclude>
    <ClInclude Include="src\core\ContainerTypeInfo.h">
      <Filter>core</Filter>
    </ClInclude>
    <ClInclude Include="src\core\Hash.h">
      <Filter>core</Filter>
    </ClInclude>
    <ClInclude Include="src\core\PointerTypeInfo.h">
      <Filter>core</Filter>
    </ClInclude>
    <ClInclude Include="src\core\Rotator.h">
      <Filter>core</Filter>
    </ClInclude>
    <ClInclude Include="src\core\Transform.h">
      <Filter>core</Filter>
    </ClInclude>
    <ClInclude Include="src\core\TypeInfo.h">
      <Filter>core</Filter>
    </ClInclude>
    <ClInclude Include="src\core\TypeInfoTest.h">
      <Filter>core</Filter>
    </ClInclude>
    <ClInclude Include="src\core\Types.h">
      <Filter>core</Filter>
    </ClInclude>
    <ClInclude Include="src\core\Utils.h">
      <Filter>core</Filter>
    </ClInclude>
    <ClInclude Include="src\core\WinUtils.h">
      <Filter>core</Filter>
    </ClInclude>
    <ClInclude Include="src\core\maths.h">
      <Filter>core</Filter>
    </ClInclude>
    <ClInclude Include="src\render\DeviceTexture.h">
      <Filter>render</Filter>
    </ClInclude>
    <ClInclude Include="src\render\ImageRenderer.h">
      <Filter>render</Filter>
    </ClInclude>
    <ClInclude Include="src\render\Memory.h">
      <Filter>render</Filter>
    </ClInclude>
    <ClInclude Include="src\render\RTRenderer.h">
      <Filter>render</Filter>
    </ClInclude>
    <ClInclude Include="src\render\RastRenderer.h">
      <Filter>render</Filter>
    </ClInclude>
    <ClInclude Include="src\render\RenderManager.h">
      <Filter>render</Filter>
    </ClInclude>
    <ClInclude Include="src\render\Renderer.h">
      <Filter>render</Filter>
    </ClInclude>
    <ClInclude Include="src\render\dx11\DX11Backend.h">
      <Filter>render\dx11</Filter>
    </ClInclude>
    <ClInclude Include="src\render\dx11\DX11Ctx.h">
      <Filter>render\dx11</Filter>
    </ClInclude>
    <ClInclude Include="src\render\dx11\DX11Cubemap.h">
      <Filter>render\dx11</Filter>
    </ClInclude>
    <ClInclude Include="src\render\dx11\DX11Material.h">
      <Filter>render\dx11</Filter>
    </ClInclude>
    <ClInclude Include="src\render\dx11\DX11Renderer.h">
      <Filter>render\dx11</Filter>
    </ClInclude>
    <ClInclude Include="src\render\dx11\DX11Texture.h">
      <Filter>render\dx11</Filter>
    </ClInclude>
    <ClInclude Include="src\render\dx11\DX11TextureBase.h">
      <Filter>render\dx11</Filter>
    </ClInclude>
    <ClInclude Include="src\render\dx11\ImageRenderMgrDX11.h">
      <Filter>render\dx11</Filter>
    </ClInclude>
    <ClInclude Include="src\scene\Camera.h">
      <Filter>scene</Filter>
    </ClInclude>
    <ClInclude Include="src\scene\LightObject.h">
      <Filter>scene</Filter>
    </ClInclude>
    <ClInclude Include="src\scene\Lights.h">
      <Filter>scene</Filter>
    </ClInclude>
    <ClInclude Include="src\scene\Scene.h">
      <Filter>scene</Filter>
    </ClInclude>
    <ClInclude Include="src\scene\SceneComponent.h">
      <Filter>scene</Filter>
    </ClInclude>
    <ClInclude Include="src\scene\SceneObject.h">
      <Filter>scene</Filter>
    </ClInclude>
  </ItemGroup>
  <ItemGroup>
    <ClCompile Include="src\3rd\stb_image.cpp">
      <Filter>3rd</Filter>
    </ClCompile>
    <ClCompile Include="src\EntryPoint.cpp" />
    <ClCompile Include="src\RenderApp.cpp" />
    <ClCompile Include="src\asset\AssetManager.cpp">
      <Filter>asset</Filter>
    </ClCompile>
    <ClCompile Include="src\asset\Mesh.cpp">
      <Filter>asset</Filter>
    </ClCompile>
    <ClCompile Include="src\asset\ObjReader.cpp">
      <Filter>asset</Filter>
    </ClCompile>
    <ClCompile Include="src\asset\Texture.cpp">
      <Filter>asset</Filter>
    </ClCompile>
    <ClCompile Include="src\common\ImguiControls.cpp">
      <Filter>common</Filter>
    </ClCompile>
    <ClCompile Include="src\common\JsonDeserializer.cpp">
      <Filter>common</Filter>
    </ClCompile>
    <ClCompile Include="src\common\JsonSerializer.cpp">
      <Filter>common</Filter>
    </ClCompile>
    <ClCompile Include="src\common\Material.cpp">
      <Filter>common</Filter>
    </ClCompile>
    <ClCompile Include="src\core\BaseObject.cpp">
      <Filter>core</Filter>
    </ClCompile>
    <ClCompile Include="src\core\ClassTypeInfo.cpp">
      <Filter>core</Filter>
    </ClCompile>
    <ClCompile Include="src\core\Rotator.cpp">
      <Filter>core</Filter>
    </ClCompile>
    <ClCompile Include="src\core\Transform.cpp">
      <Filter>core</Filter>
    </ClCompile>
    <ClCompile Include="src\core\TypeInfo.cpp">
      <Filter>core</Filter>
    </ClCompile>
    <ClCompile Include="src\core\Utils.cpp">
      <Filter>core</Filter>
    </ClCompile>
    <ClCompile Include="src\render\RTRenderer.cpp">
      <Filter>render</Filter>
    </ClCompile>
    <ClCompile Include="src\render\RastRenderer.cpp">
      <Filter>render</Filter>
    </ClCompile>
    <ClCompile Include="src\render\RenderManager.cpp">
      <Filter>render</Filter>
    </ClCompile>
    <ClCompile Include="src\render\Renderer.cpp">
      <Filter>render</Filter>
    </ClCompile>
    <ClCompile Include="src\render\dx11\DX11Backend.cpp">
      <Filter>render\dx11</Filter>
    </ClCompile>
    <ClCompile Include="src\render\dx11\DX11Ctx.cpp">
      <Filter>render\dx11</Filter>
    </ClCompile>
    <ClCompile Include="src\render\dx11\DX11Cubemap.cpp">
      <Filter>render\dx11</Filter>
    </ClCompile>
    <ClCompile Include="src\render\dx11\DX11Material.cpp">
      <Filter>render\dx11</Filter>
    </ClCompile>
    <ClCompile Include="src\render\dx11\DX11Renderer.cpp">
      <Filter>render\dx11</Filter>
    </ClCompile>
    <ClCompile Include="src\render\dx11\DX11Texture.cpp">
      <Filter>render\dx11</Filter>
    </ClCompile>
    <ClCompile Include="src\scene\Camera.cpp">
      <Filter>scene</Filter>
    </ClCompile>
    <ClCompile Include="src\scene\LightObject.cpp">
      <Filter>scene</Filter>
    </ClCompile>
    <ClCompile Include="src\scene\Lights.cpp">
      <Filter>scene</Filter>
    </ClCompile>
    <ClCompile Include="src\scene\Scene.cpp">
      <Filter>scene</Filter>
    </ClCompile>
    <ClCompile Include="src\scene\SceneComponent.cpp">
      <Filter>scene</Filter>
    </ClCompile>
    <ClCompile Include="src\scene\SceneObject.cpp">
      <Filter>scene</Filter>
    </ClCompile>
  </ItemGroup>
</Project>